
Microsoft Visual Studio Solution File, Format Version 12.00
Project("{FAE04EC0-301F-11D3-BF4B-00C04F79EFBC}") = "Interviu.Web", "Interviu.Web\Interviu.Web.csproj", "{97A27ED1-97C4-4D49-8B19-660CEB70D6D9}"
EndProject
Project("{FAE04EC0-301F-11D3-BF4B-00C04F79EFBC}") = "Interviu.Service", "Interviu.Service\Interviu.Service.csproj", "{89DEFDF4-F551-4514-902B-A6B1EA0ABA5C}"
EndProject
Project("{FAE04EC0-301F-11D3-BF4B-00C04F79EFBC}") = "Interviu.Entity", "Interviu.Entity\Interviu.Entity.csproj", "{BEAEA6E9-70A3-4755-81C8-32877F039D85}"
EndProject
Project("{FAE04EC0-301F-11D3-BF4B-00C04F79EFBC}") = "Interviu.Data", "Interviu.Data\Interviu.Data.csproj", "{E22EB200-6CFD-42BB-8DA8-3EAF4BB087A7}"
EndProject
Project("{FAE04EC0-301F-11D3-BF4B-00C04F79EFBC}") = "Interviu.Core", "Interviu.Core\Interviu.Core.csproj", "{55E8D079-6FB6-4937-AE6E-99A813C49FF9}"
EndProject
Global
	GlobalSection(SolutionConfigurationPlatforms) = preSolution
		Debug|Any CPU = Debug|Any CPU
		Release|Any CPU = Release|Any CPU
	EndGlobalSection
	GlobalSection(ProjectConfigurationPlatforms) = postSolution
		{97A27ED1-97C4-4D49-8B19-660CEB70D6D9}.Debug|Any CPU.ActiveCfg = Debug|Any CPU
		{97A27ED1-97C4-4D49-8B19-660CEB70D6D9}.Debug|Any CPU.Build.0 = Debug|Any CPU
		{97A27ED1-97C4-4D49-8B19-660CEB70D6D9}.Release|Any CPU.ActiveCfg = Release|Any CPU
		{97A27ED1-97C4-4D49-8B19-660CEB70D6D9}.Release|Any CPU.Build.0 = Release|Any CPU
		{89DEFDF4-F551-4514-902B-A6B1EA0ABA5C}.Debug|Any CPU.ActiveCfg = Debug|Any CPU
		{89DEFDF4-F551-4514-902B-A6B1EA0ABA5C}.Debug|Any CPU.Build.0 = Debug|Any CPU
		{89DEFDF4-F551-4514-902B-A6B1EA0ABA5C}.Release|Any CPU.ActiveCfg = Release|Any CPU
		{89DEFDF4-F551-4514-902B-A6B1EA0ABA5C}.Release|Any CPU.Build.0 = Release|Any CPU
		{BEAEA6E9-70A3-4755-81C8-32877F039D85}.Debug|Any CPU.ActiveCfg = Debug|Any CPU
		{BEAEA6E9-70A3-4755-81C8-32877F039D85}.Debug|Any CPU.Build.0 = Debug|Any CPU
		{BEAEA6E9-70A3-4755-81C8-32877F039D85}.Release|Any CPU.ActiveCfg = Release|Any CPU
		{BEAEA6E9-70A3-4755-81C8-32877F039D85}.Release|Any CPU.Build.0 = Release|Any CPU
		{E22EB200-6CFD-42BB-8DA8-3EAF4BB087A7}.Debug|Any CPU.ActiveCfg = Debug|Any CPU
		{E22EB200-6CFD-42BB-8DA8-3EAF4BB087A7}.Debug|Any CPU.Build.0 = Debug|Any CPU
		{E22EB200-6CFD-42BB-8DA8-3EAF4BB087A7}.Release|Any CPU.ActiveCfg = Release|Any CPU
		{E22EB200-6CFD-42BB-8DA8-3EAF4BB087A7}.Release|Any CPU.Build.0 = Release|Any CPU
		{55E8D079-6FB6-4937-AE6E-99A813C49FF9}.Debug|Any CPU.ActiveCfg = Debug|Any CPU
		{55E8D079-6FB6-4937-AE6E-99A813C49FF9}.Debug|Any CPU.Build.0 = Debug|Any CPU
		{55E8D079-6FB6-4937-AE6E-99A813C49FF9}.Release|Any CPU.ActiveCfg = Release|Any CPU
		{55E8D079-6FB6-4937-AE6E-99A813C49FF9}.Release|Any CPU.Build.0 = Release|Any CPU
	EndGlobalSection
EndGlobal
